
Microsoft Visual Studio Solution File, Format Version 12.00
# Visual Studio Version 17
VisualStudioVersion = 17.2.32630.192
MinimumVisualStudioVersion = 10.0.40219.1
Project("{FAE04EC0-301F-11D3-BF4B-00C04F79EFBC}") = "Dull-Radiance", "Dull-Radiance.csproj", "{FD123465-B567-43B9-8A42-4B8A8B8C84C9}"
EndProject
Global
	GlobalSection(SolutionConfigurationPlatforms) = preSolution
		Debug|Any CPU = Debug|Any CPU
		Release|Any CPU = Release|Any CPU
	EndGlobalSection
	GlobalSection(ProjectConfigurationPlatforms) = postSolution
		{FD123465-B567-43B9-8A42-4B8A8B8C84C9}.Debug|Any CPU.ActiveCfg = Debug|Any CPU
		{FD123465-B567-43B9-8A42-4B8A8B8C84C9}.Debug|Any CPU.Build.0 = Debug|Any CPU
		{FD123465-B567-43B9-8A42-4B8A8B8C84C9}.Release|Any CPU.ActiveCfg = Release|Any CPU
		{FD123465-B567-43B9-8A42-4B8A8B8C84C9}.Release|Any CPU.Build.0 = Release|Any CPU
	EndGlobalSection
	GlobalSection(SolutionProperties) = preSolution
		HideSolutionNode = FALSE
	EndGlobalSection
	GlobalSection(ExtensibilityGlobals) = postSolution
		SolutionGuid = {73B47F44-E51A-49B0-8DD5-56FF13ABA0AE}
	EndGlobalSection
EndGlobal
